// !$*UTF8*$!
{
	archiveVersion = 1;
	classes = {
	};
	objectVersion = 46;
	objects = {

/* Begin PBXBuildFile section */
		0F36519A1AB48B4C002756D5 /* GenerateThumbnailForURL.c in Sources */ = {isa = PBXBuildFile; fileRef = 0F3651991AB48B4C002756D5 /* GenerateThumbnailForURL.c */; };
		0F36519C1AB48B4C002756D5 /* GeneratePreviewForURL.c in Sources */ = {isa = PBXBuildFile; fileRef = 0F36519B1AB48B4C002756D5 /* GeneratePreviewForURL.c */; };
		0F36519E1AB48B4C002756D5 /* main.c in Sources */ = {isa = PBXBuildFile; fileRef = 0F36519D1AB48B4C002756D5 /* main.c */; };
		0F3651A81AB49F66002756D5 /* Pud.qlgenerator in CopyFiles */ = {isa = PBXBuildFile; fileRef = 0F3651941AB48B4C002756D5 /* Pud.qlgenerator */; };
		0F3651BF1AB5C1A1002756D5 /* ql_generate.c in Sources */ = {isa = PBXBuildFile; fileRef = 0F3651BD1AB5C1A1002756D5 /* ql_generate.c */; };
		0F3651C01AB5C1A1002756D5 /* ql_generate.h in Headers */ = {isa = PBXBuildFile; fileRef = 0F3651BE1AB5C1A1002756D5 /* ql_generate.h */; };
		0F3651C21AB5E5FA002756D5 /* pud.h in Headers */ = {isa = PBXBuildFile; fileRef = 0F3651C11AB5E5FA002756D5 /* pud.h */; };
		0F3651C41AB5E61E002756D5 /* libpud.a in Frameworks */ = {isa = PBXBuildFile; fileRef = 0F3651C31AB5E61E002756D5 /* libpud.a */; };
/* End PBXBuildFile section */

/* Begin PBXCopyFilesBuildPhase section */
		0F3651A71AB49F20002756D5 /* CopyFiles */ = {
			isa = PBXCopyFilesBuildPhase;
			buildActionMask = 2147483647;
			dstPath = "~/Desktop/Pud";
			dstSubfolderSpec = 0;
			files = (
				0F3651A81AB49F66002756D5 /* Pud.qlgenerator in CopyFiles */,
			);
			runOnlyForDeploymentPostprocessing = 0;
		};
/* End PBXCopyFilesBuildPhase section */

/* Begin PBXFileReference section */
		0F3651941AB48B4C002756D5 /* Pud.qlgenerator */ = {isa = PBXFileReference; explicitFileType = wrapper.cfbundle; includeInIndex = 0; path = Pud.qlgenerator; sourceTree = BUILT_PRODUCTS_DIR; };
		0F3651981AB48B4C002756D5 /* Info.plist */ = {isa = PBXFileReference; lastKnownFileType = text.plist.xml; path = Info.plist; sourceTree = "<group>"; };
		0F3651991AB48B4C002756D5 /* GenerateThumbnailForURL.c */ = {isa = PBXFileReference; lastKnownFileType = sourcecode.c.c; path = GenerateThumbnailForURL.c; sourceTree = "<group>"; };
		0F36519B1AB48B4C002756D5 /* GeneratePreviewForURL.c */ = {isa = PBXFileReference; lastKnownFileType = sourcecode.c.c; path = GeneratePreviewForURL.c; sourceTree = "<group>"; };
		0F36519D1AB48B4C002756D5 /* main.c */ = {isa = PBXFileReference; lastKnownFileType = sourcecode.c.c; path = main.c; sourceTree = "<group>"; };
		0F3651BD1AB5C1A1002756D5 /* ql_generate.c */ = {isa = PBXFileReference; fileEncoding = 4; lastKnownFileType = sourcecode.c.c; path = ql_generate.c; sourceTree = "<group>"; };
		0F3651BE1AB5C1A1002756D5 /* ql_generate.h */ = {isa = PBXFileReference; fileEncoding = 4; lastKnownFileType = sourcecode.c.h; path = ql_generate.h; sourceTree = "<group>"; };
		0F3651C11AB5E5FA002756D5 /* pud.h */ = {isa = PBXFileReference; fileEncoding = 4; lastKnownFileType = sourcecode.c.h; name = pud.h; path = ../../include/pud.h; sourceTree = "<group>"; };
		0F3651C31AB5E61E002756D5 /* libpud.a */ = {isa = PBXFileReference; lastKnownFileType = archive.ar; name = libpud.a; path = ../../build/libpud/libpud.a; sourceTree = "<group>"; };
/* End PBXFileReference section */

/* Begin PBXFrameworksBuildPhase section */
		0F3651901AB48B4C002756D5 /* Frameworks */ = {
			isa = PBXFrameworksBuildPhase;
			buildActionMask = 2147483647;
			files = (
				0F3651C41AB5E61E002756D5 /* libpud.a in Frameworks */,
			);
			runOnlyForDeploymentPostprocessing = 0;
		};
/* End PBXFrameworksBuildPhase section */

/* Begin PBXGroup section */
		0F36518A1AB48B4B002756D5 = {
			isa = PBXGroup;
			children = (
				0F3651961AB48B4C002756D5 /* Pud */,
				0F3651951AB48B4C002756D5 /* Products */,
			);
			sourceTree = "<group>";
		};
		0F3651951AB48B4C002756D5 /* Products */ = {
			isa = PBXGroup;
			children = (
				0F3651941AB48B4C002756D5 /* Pud.qlgenerator */,
			);
			name = Products;
			sourceTree = "<group>";
		};
		0F3651961AB48B4C002756D5 /* Pud */ = {
			isa = PBXGroup;
			children = (
				0F3651991AB48B4C002756D5 /* GenerateThumbnailForURL.c */,
				0F36519B1AB48B4C002756D5 /* GeneratePreviewForURL.c */,
				0F36519D1AB48B4C002756D5 /* main.c */,
				0F3651BD1AB5C1A1002756D5 /* ql_generate.c */,
				0F3651BE1AB5C1A1002756D5 /* ql_generate.h */,
				0F3651971AB48B4C002756D5 /* Supporting Files */,
			);
			path = Pud;
			sourceTree = "<group>";
		};
		0F3651971AB48B4C002756D5 /* Supporting Files */ = {
			isa = PBXGroup;
			children = (
				0F3651C31AB5E61E002756D5 /* libpud.a */,
				0F3651C11AB5E5FA002756D5 /* pud.h */,
				0F3651981AB48B4C002756D5 /* Info.plist */,
			);
			name = "Supporting Files";
			sourceTree = "<group>";
		};
/* End PBXGroup section */

/* Begin PBXHeadersBuildPhase section */
		0F3651911AB48B4C002756D5 /* Headers */ = {
			isa = PBXHeadersBuildPhase;
			buildActionMask = 2147483647;
			files = (
				0F3651C21AB5E5FA002756D5 /* pud.h in Headers */,
				0F3651C01AB5C1A1002756D5 /* ql_generate.h in Headers */,
			);
			runOnlyForDeploymentPostprocessing = 0;
		};
/* End PBXHeadersBuildPhase section */

/* Begin PBXNativeTarget section */
		0F3651931AB48B4C002756D5 /* Pud */ = {
			isa = PBXNativeTarget;
			buildConfigurationList = 0F3651A11AB48B4C002756D5 /* Build configuration list for PBXNativeTarget "Pud" */;
			buildPhases = (
				0F36518F1AB48B4C002756D5 /* Sources */,
				0F3651901AB48B4C002756D5 /* Frameworks */,
				0F3651911AB48B4C002756D5 /* Headers */,
				0F3651921AB48B4C002756D5 /* Resources */,
				0F3651A71AB49F20002756D5 /* CopyFiles */,
			);
			buildRules = (
			);
			dependencies = (
			);
			name = Pud;
			productName = Pud;
			productReference = 0F3651941AB48B4C002756D5 /* Pud.qlgenerator */;
			productType = "com.apple.product-type.bundle";
		};
/* End PBXNativeTarget section */

/* Begin PBXProject section */
		0F36518B1AB48B4B002756D5 /* Project object */ = {
			isa = PBXProject;
			attributes = {
				LastUpgradeCheck = 0610;
				ORGANIZATIONNAME = "Jean Guyomarc'h";
				TargetAttributes = {
					0F3651931AB48B4C002756D5 = {
						CreatedOnToolsVersion = 6.1.1;
					};
				};
			};
			buildConfigurationList = 0F36518E1AB48B4B002756D5 /* Build configuration list for PBXProject "Pud" */;
			compatibilityVersion = "Xcode 3.2";
			developmentRegion = English;
			hasScannedForEncodings = 0;
			knownRegions = (
				en,
			);
			mainGroup = 0F36518A1AB48B4B002756D5;
			productRefGroup = 0F3651951AB48B4C002756D5 /* Products */;
			projectDirPath = "";
			projectRoot = "";
			targets = (
				0F3651931AB48B4C002756D5 /* Pud */,
			);
		};
/* End PBXProject section */

/* Begin PBXResourcesBuildPhase section */
		0F3651921AB48B4C002756D5 /* Resources */ = {
			isa = PBXResourcesBuildPhase;
			buildActionMask = 2147483647;
			files = (
			);
			runOnlyForDeploymentPostprocessing = 0;
		};
/* End PBXResourcesBuildPhase section */

/* Begin PBXSourcesBuildPhase section */
		0F36518F1AB48B4C002756D5 /* Sources */ = {
			isa = PBXSourcesBuildPhase;
			buildActionMask = 2147483647;
			files = (
				0F36519A1AB48B4C002756D5 /* GenerateThumbnailForURL.c in Sources */,
				0F36519C1AB48B4C002756D5 /* GeneratePreviewForURL.c in Sources */,
				0F36519E1AB48B4C002756D5 /* main.c in Sources */,
				0F3651BF1AB5C1A1002756D5 /* ql_generate.c in Sources */,
			);
			runOnlyForDeploymentPostprocessing = 0;
		};
/* End PBXSourcesBuildPhase section */

/* Begin XCBuildConfiguration section */
		0F36519F1AB48B4C002756D5 /* Debug */ = {
			isa = XCBuildConfiguration;
			buildSettings = {
				ALWAYS_SEARCH_USER_PATHS = NO;
				CLANG_CXX_LANGUAGE_STANDARD = "gnu++0x";
				CLANG_CXX_LIBRARY = "libc++";
				CLANG_ENABLE_MODULES = YES;
				CLANG_ENABLE_OBJC_ARC = YES;
				CLANG_WARN_BOOL_CONVERSION = YES;
				CLANG_WARN_CONSTANT_CONVERSION = YES;
				CLANG_WARN_DIRECT_OBJC_ISA_USAGE = YES_ERROR;
				CLANG_WARN_EMPTY_BODY = YES;
				CLANG_WARN_ENUM_CONVERSION = YES;
				CLANG_WARN_INT_CONVERSION = YES;
				CLANG_WARN_OBJC_ROOT_CLASS = YES_ERROR;
				CLANG_WARN_UNREACHABLE_CODE = YES;
				CLANG_WARN__DUPLICATE_METHOD_MATCH = YES;
				COPY_PHASE_STRIP = NO;
				ENABLE_STRICT_OBJC_MSGSEND = YES;
				GCC_C_LANGUAGE_STANDARD = gnu99;
				GCC_DYNAMIC_NO_PIC = NO;
				GCC_OPTIMIZATION_LEVEL = 0;
				GCC_PREPROCESSOR_DEFINITIONS = (
					"DEBUG=1",
					"$(inherited)",
				);
				GCC_SYMBOLS_PRIVATE_EXTERN = NO;
				GCC_WARN_64_TO_32_BIT_CONVERSION = YES;
				GCC_WARN_ABOUT_RETURN_TYPE = YES_ERROR;
				GCC_WARN_UNDECLARED_SELECTOR = YES;
				GCC_WARN_UNINITIALIZED_AUTOS = YES_AGGRESSIVE;
				GCC_WARN_UNUSED_FUNCTION = YES;
				GCC_WARN_UNUSED_VARIABLE = YES;
				MACOSX_DEPLOYMENT_TARGET = 10.10;
				MTL_ENABLE_DEBUG_INFO = YES;
				ONLY_ACTIVE_ARCH = YES;
				SDKROOT = macosx;
			};
			name = Debug;
		};
		0F3651A01AB48B4C002756D5 /* Release */ = {
			isa = XCBuildConfiguration;
			buildSettings = {
				ALWAYS_SEARCH_USER_PATHS = NO;
				CLANG_CXX_LANGUAGE_STANDARD = "gnu++0x";
				CLANG_CXX_LIBRARY = "libc++";
				CLANG_ENABLE_MODULES = YES;
				CLANG_ENABLE_OBJC_ARC = YES;
				CLANG_WARN_BOOL_CONVERSION = YES;
				CLANG_WARN_CONSTANT_CONVERSION = YES;
				CLANG_WARN_DIRECT_OBJC_ISA_USAGE = YES_ERROR;
				CLANG_WARN_EMPTY_BODY = YES;
				CLANG_WARN_ENUM_CONVERSION = YES;
				CLANG_WARN_INT_CONVERSION = YES;
				CLANG_WARN_OBJC_ROOT_CLASS = YES_ERROR;
				CLANG_WARN_UNREACHABLE_CODE = YES;
				CLANG_WARN__DUPLICATE_METHOD_MATCH = YES;
				COPY_PHASE_STRIP = YES;
				DEBUG_INFORMATION_FORMAT = "dwarf-with-dsym";
				ENABLE_NS_ASSERTIONS = NO;
				ENABLE_STRICT_OBJC_MSGSEND = YES;
				GCC_C_LANGUAGE_STANDARD = gnu99;
				GCC_WARN_64_TO_32_BIT_CONVERSION = YES;
				GCC_WARN_ABOUT_RETURN_TYPE = YES_ERROR;
				GCC_WARN_UNDECLARED_SELECTOR = YES;
				GCC_WARN_UNINITIALIZED_AUTOS = YES_AGGRESSIVE;
				GCC_WARN_UNUSED_FUNCTION = YES;
				GCC_WARN_UNUSED_VARIABLE = YES;
				MACOSX_DEPLOYMENT_TARGET = 10.10;
				MTL_ENABLE_DEBUG_INFO = NO;
				SDKROOT = macosx;
			};
			name = Release;
		};
		0F3651A21AB48B4C002756D5 /* Debug */ = {
			isa = XCBuildConfiguration;
			buildSettings = {
				COMBINE_HIDPI_IMAGES = YES;
				INFOPLIST_FILE = Pud/Info.plist;
				INSTALL_PATH = /Library/QuickLook;
				LIBRARY_SEARCH_PATHS = (
					"$(inherited)",
					"$(PROJECT_DIR)/Pud",
					/Users/Jean/Developer/Applications/war2edit/build/libpud,
				);
				MTL_ENABLE_DEBUG_INFO = YES;
				PRODUCT_NAME = "$(TARGET_NAME)";
				WRAPPER_EXTENSION = qlgenerator;
			};
			name = Debug;
		};
		0F3651A31AB48B4C002756D5 /* Release */ = {
			isa = XCBuildConfiguration;
			buildSettings = {
				COMBINE_HIDPI_IMAGES = YES;
				INFOPLIST_FILE = Pud/Info.plist;
				INSTALL_PATH = /Library/QuickLook;
				LIBRARY_SEARCH_PATHS = (
					"$(inherited)",
					"$(PROJECT_DIR)/Pud",
					/Users/Jean/Developer/Applications/war2edit/build/libpud,
				);
				MTL_ENABLE_DEBUG_INFO = NO;
				PRODUCT_NAME = "$(TARGET_NAME)";
				WRAPPER_EXTENSION = qlgenerator;
			};
			name = Release;
		};
/* End XCBuildConfiguration section */

/* Begin XCConfigurationList section */
		0F36518E1AB48B4B002756D5 /* Build configuration list for PBXProject "Pud" */ = {
			isa = XCConfigurationList;
			buildConfigurations = (
				0F36519F1AB48B4C002756D5 /* Debug */,
				0F3651A01AB48B4C002756D5 /* Release */,
			);
			defaultConfigurationIsVisible = 0;
			defaultConfigurationName = Release;
		};
		0F3651A11AB48B4C002756D5 /* Build configuration list for PBXNativeTarget "Pud" */ = {
			isa = XCConfigurationList;
			buildConfigurations = (
				0F3651A21AB48B4C002756D5 /* Debug */,
				0F3651A31AB48B4C002756D5 /* Release */,
			);
			defaultConfigurationIsVisible = 0;
			defaultConfigurationName = Release;
		};
/* End XCConfigurationList section */
	};
	rootObject = 0F36518B1AB48B4B002756D5 /* Project object */;
}
